// !$*UTF8*$!
{
	archiveVersion = 1;
	classes = {
	};
	objectVersion = 77;
	objects = {

/* Begin PBXBuildFile section */
		8AE196302EF5DB31006BBCF2 /* README.md in Resources */ = {isa = PBXBuildFile; fileRef = 8AE196252EF5DB31006BBCF2 /* README.md */; };
		8AE196312EF5DB31006BBCF2 /* SETUP.md in Resources */ = {isa = PBXBuildFile; fileRef = 8AE196282EF5DB31006BBCF2 /* SETUP.md */; };
		8AE197B72EF61181006BBCF2 /* IChingApp.swift in Sources */ = {isa = PBXBuildFile; fileRef = 8AE197B62EF61181006BBCF2 /* IChingApp.swift */; };
/* End PBXBuildFile section */

/* Begin PBXContainerItemProxy section */
		8AE195F82EF5DA69006BBCF2 /* PBXContainerItemProxy */ = {
			isa = PBXContainerItemProxy;
			containerPortal = 8AE195E22EF5DA68006BBCF2 /* Project object */;
			proxyType = 1;
			remoteGlobalIDString = 8AE195E92EF5DA68006BBCF2;
			remoteInfo = "i-ching";
		};
		8AE196022EF5DA69006BBCF2 /* PBXContainerItemProxy */ = {
			isa = PBXContainerItemProxy;
			containerPortal = 8AE195E22EF5DA68006BBCF2 /* Project object */;
			proxyType = 1;
			remoteGlobalIDString = 8AE195E92EF5DA68006BBCF2;
			remoteInfo = "i-ching";
		};
/* End PBXContainerItemProxy section */

/* Begin PBXFileReference section */
		8AE195EA2EF5DA68006BBCF2 /* i-ching.app */ = {isa = PBXFileReference; explicitFileType = wrapper.application; includeInIndex = 0; path = "i-ching.app"; sourceTree = BUILT_PRODUCTS_DIR; };
		8AE195F72EF5DA69006BBCF2 /* i-chingTests.xctest */ = {isa = PBXFileReference; explicitFileType = wrapper.cfbundle; includeInIndex = 0; path = "i-chingTests.xctest"; sourceTree = BUILT_PRODUCTS_DIR; };
		8AE196012EF5DA69006BBCF2 /* i-chingUITests.xctest */ = {isa = PBXFileReference; explicitFileType = wrapper.cfbundle; includeInIndex = 0; path = "i-chingUITests.xctest"; sourceTree = BUILT_PRODUCTS_DIR; };
		8AE196252EF5DB31006BBCF2 /* README.md */ = {isa = PBXFileReference; lastKnownFileType = net.daringfireball.markdown; path = README.md; sourceTree = "<group>"; };
		8AE196282EF5DB31006BBCF2 /* SETUP.md */ = {isa = PBXFileReference; lastKnownFileType = net.daringfireball.markdown; path = SETUP.md; sourceTree = "<group>"; };
		8AE197B62EF61181006BBCF2 /* IChingApp.swift */ = {isa = PBXFileReference; lastKnownFileType = sourcecode.swift; path = IChingApp.swift; sourceTree = "<group>"; };
/* End PBXFileReference section */

/* Begin PBXFileSystemSynchronizedBuildFileExceptionSet section */
		8AE198042F00A9BD006BBCF2 /* Exceptions for "i-ching" folder in "i-ching" target */ = {
			isa = PBXFileSystemSynchronizedBuildFileExceptionSet;
			membershipExceptions = (
				Info.plist,
			);
			target = 8AE195E92EF5DA68006BBCF2 /* i-ching */;
		};
/* End PBXFileSystemSynchronizedBuildFileExceptionSet section */

/* Begin PBXFileSystemSynchronizedRootGroup section */
		8AE195EC2EF5DA68006BBCF2 /* i-ching */ = {
			isa = PBXFileSystemSynchronizedRootGroup;
			exceptions = (
				8AE198042F00A9BD006BBCF2 /* Exceptions for "i-ching" folder in "i-ching" target */,
			);
			path = "i-ching";
			sourceTree = "<group>";
		};
		8AE195FA2EF5DA69006BBCF2 /* i-chingTests */ = {
			isa = PBXFileSystemSynchronizedRootGroup;
			path = "i-chingTests";
			sourceTree = "<group>";
		};
		8AE196042EF5DA69006BBCF2 /* i-chingUITests */ = {
			isa = PBXFileSystemSynchronizedRootGroup;
			path = "i-chingUITests";
			sourceTree = "<group>";
		};
/* End PBXFileSystemSynchronizedRootGroup section */

/* Begin PBXFrameworksBuildPhase section */
		8AE195E72EF5DA68006BBCF2 /* Frameworks */ = {
			isa = PBXFrameworksBuildPhase;
			buildActionMask = 2147483647;
			files = (
			);
			runOnlyForDeploymentPostprocessing = 0;
		};
		8AE195F42EF5DA69006BBCF2 /* Frameworks */ = {
			isa = PBXFrameworksBuildPhase;
			buildActionMask = 2147483647;
			files = (
			);
			runOnlyForDeploymentPostprocessing = 0;
		};
		8AE195FE2EF5DA69006BBCF2 /* Frameworks */ = {
			isa = PBXFrameworksBuildPhase;
			buildActionMask = 2147483647;
			files = (
			);
			runOnlyForDeploymentPostprocessing = 0;
		};
/* End PBXFrameworksBuildPhase section */

/* Begin PBXGroup section */
		8AE195E12EF5DA68006BBCF2 = {
			isa = PBXGroup;
			children = (
				8AE197B62EF61181006BBCF2 /* IChingApp.swift */,
				8AE195EC2EF5DA68006BBCF2 /* i-ching */,
				8AE195FA2EF5DA69006BBCF2 /* i-chingTests */,
				8AE196042EF5DA69006BBCF2 /* i-chingUITests */,
				8AE195EB2EF5DA68006BBCF2 /* Products */,
				8AE196252EF5DB31006BBCF2 /* README.md */,
				8AE196282EF5DB31006BBCF2 /* SETUP.md */,
			);
			sourceTree = "<group>";
		};
		8AE195EB2EF5DA68006BBCF2 /* Products */ = {
			isa = PBXGroup;
			children = (
				8AE195EA2EF5DA68006BBCF2 /* i-ching.app */,
				8AE195F72EF5DA69006BBCF2 /* i-chingTests.xctest */,
				8AE196012EF5DA69006BBCF2 /* i-chingUITests.xctest */,
			);
			name = Products;
			sourceTree = "<group>";
		};
/* End PBXGroup section */

/* Begin PBXNativeTarget section */
		8AE195E92EF5DA68006BBCF2 /* i-ching */ = {
			isa = PBXNativeTarget;
			buildConfigurationList = 8AE1960B2EF5DA69006BBCF2 /* Build configuration list for PBXNativeTarget "i-ching" */;
			buildPhases = (
				8AE195E62EF5DA68006BBCF2 /* Sources */,
				8AE195E72EF5DA68006BBCF2 /* Frameworks */,
				8AE195E82EF5DA68006BBCF2 /* Resources */,
			);
			buildRules = (
			);
			dependencies = (
			);
			fileSystemSynchronizedGroups = (
				8AE195EC2EF5DA68006BBCF2 /* i-ching */,
			);
			name = "i-ching";
			packageProductDependencies = (
			);
			productName = "i-ching";
			productReference = 8AE195EA2EF5DA68006BBCF2 /* i-ching.app */;
			productType = "com.apple.product-type.application";
		};
		8AE195F62EF5DA69006BBCF2 /* i-chingTests */ = {
			isa = PBXNativeTarget;
			buildConfigurationList = 8AE1960E2EF5DA69006BBCF2 /* Build configuration list for PBXNativeTarget "i-chingTests" */;
			buildPhases = (
				8AE195F32EF5DA69006BBCF2 /* Sources */,
				8AE195F42EF5DA69006BBCF2 /* Frameworks */,
				8AE195F52EF5DA69006BBCF2 /* Resources */,
			);
			buildRules = (
			);
			dependencies = (
				8AE195F92EF5DA69006BBCF2 /* PBXTargetDependency */,
			);
			fileSystemSynchronizedGroups = (
				8AE195FA2EF5DA69006BBCF2 /* i-chingTests */,
			);
			name = "i-chingTests";
			packageProductDependencies = (
			);
			productName = "i-chingTests";
			productReference = 8AE195F72EF5DA69006BBCF2 /* i-chingTests.xctest */;
			productType = "com.apple.product-type.bundle.unit-test";
		};
		8AE196002EF5DA69006BBCF2 /* i-chingUITests */ = {
			isa = PBXNativeTarget;
			buildConfigurationList = 8AE196112EF5DA69006BBCF2 /* Build configuration list for PBXNativeTarget "i-chingUITests" */;
			buildPhases = (
				8AE195FD2EF5DA69006BBCF2 /* Sources */,
				8AE195FE2EF5DA69006BBCF2 /* Frameworks */,
				8AE195FF2EF5DA69006BBCF2 /* Resources */,
			);
			buildRules = (
			);
			dependencies = (
				8AE196032EF5DA69006BBCF2 /* PBXTargetDependency */,
			);
			fileSystemSynchronizedGroups = (
				8AE196042EF5DA69006BBCF2 /* i-chingUITests */,
			);
			name = "i-chingUITests";
			packageProductDependencies = (
			);
			productName = "i-chingUITests";
			productReference = 8AE196012EF5DA69006BBCF2 /* i-chingUITests.xctest */;
			productType = "com.apple.product-type.bundle.ui-testing";
		};
/* End PBXNativeTarget section */

/* Begin PBXProject section */
		8AE195E22EF5DA68006BBCF2 /* Project object */ = {
			isa = PBXProject;
			attributes = {
				BuildIndependentTargetsInParallel = 1;
				LastSwiftUpdateCheck = 2610;
				LastUpgradeCheck = 2610;
				TargetAttributes = {
					8AE195E92EF5DA68006BBCF2 = {
						CreatedOnToolsVersion = 26.1.1;
					};
					8AE195F62EF5DA69006BBCF2 = {
						CreatedOnToolsVersion = 26.1.1;
						TestTargetID = 8AE195E92EF5DA68006BBCF2;
					};
					8AE196002EF5DA69006BBCF2 = {
						CreatedOnToolsVersion = 26.1.1;
						TestTargetID = 8AE195E92EF5DA68006BBCF2;
					};
				};
			};
			buildConfigurationList = 8AE195E52EF5DA68006BBCF2 /* Build configuration list for PBXProject "i-ching" */;
			developmentRegion = en;
			hasScannedForEncodings = 0;
			knownRegions = (
				en,
				Base,
			);
			mainGroup = 8AE195E12EF5DA68006BBCF2;
			minimizedProjectReferenceProxies = 1;
			preferredProjectObjectVersion = 77;
			productRefGroup = 8AE195EB2EF5DA68006BBCF2 /* Products */;
			projectDirPath = "";
			projectRoot = "";
			targets = (
				8AE195E92EF5DA68006BBCF2 /* i-ching */,
				8AE195F62EF5DA69006BBCF2 /* i-chingTests */,
				8AE196002EF5DA69006BBCF2 /* i-chingUITests */,
			);
		};
/* End PBXProject section */

/* Begin PBXResourcesBuildPhase section */
		8AE195E82EF5DA68006BBCF2 /* Resources */ = {
			isa = PBXResourcesBuildPhase;
			buildActionMask = 2147483647;
			files = (
				8AE196302EF5DB31006BBCF2 /* README.md in Resources */,
				8AE196312EF5DB31006BBCF2 /* SETUP.md in Resources */,
			);
			runOnlyForDeploymentPostprocessing = 0;
		};
		8AE195F52EF5DA69006BBCF2 /* Resources */ = {
			isa = PBXResourcesBuildPhase;
			buildActionMask = 2147483647;
			files = (
			);
			runOnlyForDeploymentPostprocessing = 0;
		};
		8AE195FF2EF5DA69006BBCF2 /* Resources */ = {
			isa = PBXResourcesBuildPhase;
			buildActionMask = 2147483647;
			files = (
			);
			runOnlyForDeploymentPostprocessing = 0;
		};
/* End PBXResourcesBuildPhase section */

/* Begin PBXSourcesBuildPhase section */
		8AE195E62EF5DA68006BBCF2 /* Sources */ = {
			isa = PBXSourcesBuildPhase;
			buildActionMask = 2147483647;
			files = (
				8AE197B72EF61181006BBCF2 /* IChingApp.swift in Sources */,
			);
			runOnlyForDeploymentPostprocessing = 0;
		};
		8AE195F32EF5DA69006BBCF2 /* Sources */ = {
			isa = PBXSourcesBuildPhase;
			buildActionMask = 2147483647;
			files = (
			);
			runOnlyForDeploymentPostprocessing = 0;
		};
		8AE195FD2EF5DA69006BBCF2 /* Sources */ = {
			isa = PBXSourcesBuildPhase;
			buildActionMask = 2147483647;
			files = (
			);
			runOnlyForDeploymentPostprocessing = 0;
		};
/* End PBXSourcesBuildPhase section */

/* Begin PBXTargetDependency section */
		8AE195F92EF5DA69006BBCF2 /* PBXTargetDependency */ = {
			isa = PBXTargetDependency;
			target = 8AE195E92EF5DA68006BBCF2 /* i-ching */;
			targetProxy = 8AE195F82EF5DA69006BBCF2 /* PBXContainerItemProxy */;
		};
		8AE196032EF5DA69006BBCF2 /* PBXTargetDependency */ = {
			isa = PBXTargetDependency;
			target = 8AE195E92EF5DA68006BBCF2 /* i-ching */;
			targetProxy = 8AE196022EF5DA69006BBCF2 /* PBXContainerItemProxy */;
		};
/* End PBXTargetDependency section */

/* Begin XCBuildConfiguration section */
		8AE196092EF5DA69006BBCF2 /* Debug */ = {
			isa = XCBuildConfiguration;
			buildSettings = {
				ALWAYS_SEARCH_USER_PATHS = NO;
				ASSETCATALOG_COMPILER_GENERATE_SWIFT_ASSET_SYMBOL_EXTENSIONS = YES;
				CLANG_ANALYZER_NONNULL = YES;
				CLANG_ANALYZER_NUMBER_OBJECT_CONVERSION = YES_AGGRESSIVE;
				CLANG_CXX_LANGUAGE_STANDARD = "gnu++20";
				CLANG_ENABLE_MODULES = YES;
				CLANG_ENABLE_OBJC_ARC = YES;
				CLANG_ENABLE_OBJC_WEAK = YES;
				CLANG_WARN_BLOCK_CAPTURE_AUTORELEASING = YES;
				CLANG_WARN_BOOL_CONVERSION = YES;
				CLANG_WARN_COMMA = YES;
				CLANG_WARN_CONSTANT_CONVERSION = YES;
				CLANG_WARN_DEPRECATED_OBJC_IMPLEMENTATIONS = YES;
				CLANG_WARN_DIRECT_OBJC_ISA_USAGE = YES_ERROR;
				CLANG_WARN_DOCUMENTATION_COMMENTS = YES;
				CLANG_WARN_EMPTY_BODY = YES;
				CLANG_WARN_ENUM_CONVERSION = YES;
				CLANG_WARN_INFINITE_RECURSION = YES;
				CLANG_WARN_INT_CONVERSION = YES;
				CLANG_WARN_NON_LITERAL_NULL_CONVERSION = YES;
				CLANG_WARN_OBJC_IMPLICIT_RETAIN_SELF = YES;
				CLANG_WARN_OBJC_LITERAL_CONVERSION = YES;
				CLANG_WARN_OBJC_ROOT_CLASS = YES_ERROR;
				CLANG_WARN_QUOTED_INCLUDE_IN_FRAMEWORK_HEADER = YES;
				CLANG_WARN_RANGE_LOOP_ANALYSIS = YES;
				CLANG_WARN_STRICT_PROTOTYPES = YES;
				CLANG_WARN_SUSPICIOUS_MOVE = YES;
				CLANG_WARN_UNGUARDED_AVAILABILITY = YES_AGGRESSIVE;
				CLANG_WARN_UNREACHABLE_CODE = YES;
				CLANG_WARN__DUPLICATE_METHOD_MATCH = YES;
				COPY_PHASE_STRIP = NO;
				DEBUG_INFORMATION_FORMAT = dwarf;
				ENABLE_STRICT_OBJC_MSGSEND = YES;
				ENABLE_TESTABILITY = YES;
				ENABLE_USER_SCRIPT_SANDBOXING = YES;
				GCC_C_LANGUAGE_STANDARD = gnu17;
				GCC_DYNAMIC_NO_PIC = NO;
				GCC_NO_COMMON_BLOCKS = YES;
				GCC_OPTIMIZATION_LEVEL = 0;
				GCC_PREPROCESSOR_DEFINITIONS = (
					"DEBUG=1",
					"$(inherited)",
				);
				GCC_WARN_64_TO_32_BIT_CONVERSION = YES;
				GCC_WARN_ABOUT_RETURN_TYPE = YES_ERROR;
				GCC_WARN_UNDECLARED_SELECTOR = YES;
				GCC_WARN_UNINITIALIZED_AUTOS = YES_AGGRESSIVE;
				GCC_WARN_UNUSED_FUNCTION = YES;
				GCC_WARN_UNUSED_VARIABLE = YES;
				IPHONEOS_DEPLOYMENT_TARGET = 17.0;
				LOCALIZATION_PREFERS_STRING_CATALOGS = YES;
				MTL_ENABLE_DEBUG_INFO = INCLUDE_SOURCE;
				MTL_FAST_MATH = YES;
				ONLY_ACTIVE_ARCH = YES;
				SDKROOT = iphoneos;
				SWIFT_ACTIVE_COMPILATION_CONDITIONS = "DEBUG $(inherited)";
				SWIFT_OPTIMIZATION_LEVEL = "-Onone";
			};
			name = Debug;
		};
		8AE1960A2EF5DA69006BBCF2 /* Release */ = {
			isa = XCBuildConfiguration;
			buildSettings = {
				ALWAYS_SEARCH_USER_PATHS = NO;
				ASSETCATALOG_COMPILER_GENERATE_SWIFT_ASSET_SYMBOL_EXTENSIONS = YES;
				CLANG_ANALYZER_NONNULL = YES;
				CLANG_ANALYZER_NUMBER_OBJECT_CONVERSION = YES_AGGRESSIVE;
				CLANG_CXX_LANGUAGE_STANDARD = "gnu++20";
				CLANG_ENABLE_MODULES = YES;
				CLANG_ENABLE_OBJC_ARC = YES;
				CLANG_ENABLE_OBJC_WEAK = YES;
				CLANG_WARN_BLOCK_CAPTURE_AUTORELEASING = YES;
				CLANG_WARN_BOOL_CONVERSION = YES;
				CLANG_WARN_COMMA = YES;
				CLANG_WARN_CONSTANT_CONVERSION = YES;
				CLANG_WARN_DEPRECATED_OBJC_IMPLEMENTATIONS = YES;
				CLANG_WARN_DIRECT_OBJC_ISA_USAGE = YES_ERROR;
				CLANG_WARN_DOCUMENTATION_COMMENTS = YES;
				CLANG_WARN_EMPTY_BODY = YES;
				CLANG_WARN_ENUM_CONVERSION = YES;
				CLANG_WARN_INFINITE_RECURSION = YES;
				CLANG_WARN_INT_CONVERSION = YES;
				CLANG_WARN_NON_LITERAL_NULL_CONVERSION = YES;
				CLANG_WARN_OBJC_IMPLICIT_RETAIN_SELF = YES;
				CLANG_WARN_OBJC_LITERAL_CONVERSION = YES;
				CLANG_WARN_OBJC_ROOT_CLASS = YES_ERROR;
				CLANG_WARN_QUOTED_INCLUDE_IN_FRAMEWORK_HEADER = YES;
				CLANG_WARN_RANGE_LOOP_ANALYSIS = YES;
				CLANG_WARN_STRICT_PROTOTYPES = YES;
				CLANG_WARN_SUSPICIOUS_MOVE = YES;
				CLANG_WARN_UNGUARDED_AVAILABILITY = YES_AGGRESSIVE;
				CLANG_WARN_UNREACHABLE_CODE = YES;
				CLANG_WARN__DUPLICATE_METHOD_MATCH = YES;
				COPY_PHASE_STRIP = NO;
				DEBUG_INFORMATION_FORMAT = "dwarf-with-dsym";
				ENABLE_NS_ASSERTIONS = NO;
				ENABLE_STRICT_OBJC_MSGSEND = YES;
				ENABLE_USER_SCRIPT_SANDBOXING = YES;
				GCC_C_LANGUAGE_STANDARD = gnu17;
				GCC_NO_COMMON_BLOCKS = YES;
				GCC_WARN_64_TO_32_BIT_CONVERSION = YES;
				GCC_WARN_ABOUT_RETURN_TYPE = YES_ERROR;
				GCC_WARN_UNDECLARED_SELECTOR = YES;
				GCC_WARN_UNINITIALIZED_AUTOS = YES_AGGRESSIVE;
				GCC_WARN_UNUSED_FUNCTION = YES;
				GCC_WARN_UNUSED_VARIABLE = YES;
				IPHONEOS_DEPLOYMENT_TARGET = 17.0;
				LOCALIZATION_PREFERS_STRING_CATALOGS = YES;
				MTL_ENABLE_DEBUG_INFO = NO;
				MTL_FAST_MATH = YES;
				SDKROOT = iphoneos;
				SWIFT_COMPILATION_MODE = wholemodule;
				VALIDATE_PRODUCT = YES;
			};
			name = Release;
		};
		8AE1960C2EF5DA69006BBCF2 /* Debug */ = {
			isa = XCBuildConfiguration;
			buildSettings = {
				ASSETCATALOG_COMPILER_APPICON_NAME = AppIcon;
				ASSETCATALOG_COMPILER_GLOBAL_ACCENT_COLOR_NAME = AccentColor;
				"CODE_SIGN_IDENTITY[sdk=iphonesimulator*]" = "";
				CODE_SIGN_STYLE = Automatic;
				CURRENT_PROJECT_VERSION = 1;
				DEVELOPMENT_TEAM = LZ6273DMAB;
				ENABLE_PREVIEWS = YES;
				GENERATE_INFOPLIST_FILE = YES;
				INFOPLIST_FILE = "i-ching/Info.plist";
				INFOPLIST_KEY_LSApplicationCategoryType = "\"\"";
				INFOPLIST_KEY_UIApplicationSceneManifest_Generation = YES;
				INFOPLIST_KEY_UIApplicationSupportsIndirectInputEvents = YES;
				INFOPLIST_KEY_UILaunchScreen_Generation = YES;
				INFOPLIST_KEY_UISupportedInterfaceOrientations_iPad = "UIInterfaceOrientationPortrait UIInterfaceOrientationPortraitUpsideDown UIInterfaceOrientationLandscapeLeft UIInterfaceOrientationLandscapeRight";
				INFOPLIST_KEY_UISupportedInterfaceOrientations_iPhone = "UIInterfaceOrientationPortrait UIInterfaceOrientationLandscapeLeft UIInterfaceOrientationLandscapeRight";
				LD_RUNPATH_SEARCH_PATHS = (
					"$(inherited)",
					"@executable_path/Frameworks",
				);
				MARKETING_VERSION = 1.0;
				PRODUCT_BUNDLE_IDENTIFIER = "xlm.i-ching";
				PRODUCT_NAME = "$(TARGET_NAME)";
				STRING_CATALOG_GENERATE_SYMBOLS = YES;
				SWIFT_APPROACHABLE_CONCURRENCY = YES;
				SWIFT_DEFAULT_ACTOR_ISOLATION = MainActor;
				SWIFT_EMIT_LOC_STRINGS = YES;
				SWIFT_UPCOMING_FEATURE_MEMBER_IMPORT_VISIBILITY = YES;
				SWIFT_VERSION = 5.0;
				TARGETED_DEVICE_FAMILY = "1,2";
			};
			name = Debug;
		};
		8AE1960D2EF5DA69006BBCF2 /* Release */ = {
			isa = XCBuildConfiguration;
			buildSettings = {
				ASSETCATALOG_COMPILER_APPICON_NAME = AppIcon;
				ASSETCATALOG_COMPILER_GLOBAL_ACCENT_COLOR_NAME = AccentColor;
				"CODE_SIGN_IDENTITY[sdk=iphonesimulator*]" = "";
				CODE_SIGN_STYLE = Automatic;
				CURRENT_PROJECT_VERSION = 1;
				DEVELOPMENT_TEAM = LZ6273DMAB;
				ENABLE_PREVIEWS = YES;
				GENERATE_INFOPLIST_FILE = YES;
				INFOPLIST_FILE = "i-ching/Info.plist";
				INFOPLIST_KEY_LSApplicationCategoryType = "\"\"";
				INFOPLIST_KEY_UIApplicationSceneManifest_Generation = YES;
				INFOPLIST_KEY_UIApplicationSupportsIndirectInputEvents = YES;
				INFOPLIST_KEY_UILaunchScreen_Generation = YES;
				INFOPLIST_KEY_UISupportedInterfaceOrientations_iPad = "UIInterfaceOrientationPortrait UIInterfaceOrientationPortraitUpsideDown UIInterfaceOrientationLandscapeLeft UIInterfaceOrientationLandscapeRight";
				INFOPLIST_KEY_UISupportedInterfaceOrientations_iPhone = "UIInterfaceOrientationPortrait UIInterfaceOrientationLandscapeLeft UIInterfaceOrientationLandscapeRight";
				LD_RUNPATH_SEARCH_PATHS = (
					"$(inherited)",
					"@executable_path/Frameworks",
				);
				MARKETING_VERSION = 1.0;
				PRODUCT_BUNDLE_IDENTIFIER = "xlm.i-ching";
				PRODUCT_NAME = "$(TARGET_NAME)";
				STRING_CATALOG_GENERATE_SYMBOLS = YES;
				SWIFT_APPROACHABLE_CONCURRENCY = YES;
				SWIFT_DEFAULT_ACTOR_ISOLATION = MainActor;
				SWIFT_EMIT_LOC_STRINGS = YES;
				SWIFT_UPCOMING_FEATURE_MEMBER_IMPORT_VISIBILITY = YES;
				SWIFT_VERSION = 5.0;
				TARGETED_DEVICE_FAMILY = "1,2";
			};
			name = Release;
		};
		8AE1960F2EF5DA69006BBCF2 /* Debug */ = {
			isa = XCBuildConfiguration;
			buildSettings = {
				BUNDLE_LOADER = "$(TEST_HOST)";
				CODE_SIGN_STYLE = Automatic;
				CURRENT_PROJECT_VERSION = 1;
				GENERATE_INFOPLIST_FILE = YES;
				IPHONEOS_DEPLOYMENT_TARGET = 17.0;
				MARKETING_VERSION = 1.0;
				PRODUCT_BUNDLE_IDENTIFIER = "xlm.i-chingTests";
				PRODUCT_NAME = "$(TARGET_NAME)";
				STRING_CATALOG_GENERATE_SYMBOLS = NO;
				SWIFT_APPROACHABLE_CONCURRENCY = YES;
				SWIFT_EMIT_LOC_STRINGS = NO;
				SWIFT_UPCOMING_FEATURE_MEMBER_IMPORT_VISIBILITY = YES;
				SWIFT_VERSION = 5.0;
				TARGETED_DEVICE_FAMILY = "1,2";
				TEST_HOST = "$(BUILT_PRODUCTS_DIR)/i-ching.app/$(BUNDLE_EXECUTABLE_FOLDER_PATH)/i-ching";
			};
			name = Debug;
		};
		8AE196102EF5DA69006BBCF2 /* Release */ = {
			isa = XCBuildConfiguration;
			buildSettings = {
				BUNDLE_LOADER = "$(TEST_HOST)";
				CODE_SIGN_STYLE = Automatic;
				CURRENT_PROJECT_VERSION = 1;
				GENERATE_INFOPLIST_FILE = YES;
				IPHONEOS_DEPLOYMENT_TARGET = 17.0;
				MARKETING_VERSION = 1.0;
				PRODUCT_BUNDLE_IDENTIFIER = "xlm.i-chingTests";
				PRODUCT_NAME = "$(TARGET_NAME)";
				STRING_CATALOG_GENERATE_SYMBOLS = NO;
				SWIFT_APPROACHABLE_CONCURRENCY = YES;
				SWIFT_EMIT_LOC_STRINGS = NO;
				SWIFT_UPCOMING_FEATURE_MEMBER_IMPORT_VISIBILITY = YES;
				SWIFT_VERSION = 5.0;
				TARGETED_DEVICE_FAMILY = "1,2";
				TEST_HOST = "$(BUILT_PRODUCTS_DIR)/i-ching.app/$(BUNDLE_EXECUTABLE_FOLDER_PATH)/i-ching";
			};
			name = Release;
		};
		8AE196122EF5DA69006BBCF2 /* Debug */ = {
			isa = XCBuildConfiguration;
			buildSettings = {
				CODE_SIGN_STYLE = Automatic;
				CURRENT_PROJECT_VERSION = 1;
				GENERATE_INFOPLIST_FILE = YES;
				MARKETING_VERSION = 1.0;
				PRODUCT_BUNDLE_IDENTIFIER = "xlm.i-chingUITests";
				PRODUCT_NAME = "$(TARGET_NAME)";
				STRING_CATALOG_GENERATE_SYMBOLS = NO;
				SWIFT_APPROACHABLE_CONCURRENCY = YES;
				SWIFT_EMIT_LOC_STRINGS = NO;
				SWIFT_UPCOMING_FEATURE_MEMBER_IMPORT_VISIBILITY = YES;
				SWIFT_VERSION = 5.0;
				TARGETED_DEVICE_FAMILY = "1,2";
				TEST_TARGET_NAME = "i-ching";
			};
			name = Debug;
		};
		8AE196132EF5DA69006BBCF2 /* Release */ = {
			isa = XCBuildConfiguration;
			buildSettings = {
				CODE_SIGN_STYLE = Automatic;
				CURRENT_PROJECT_VERSION = 1;
				GENERATE_INFOPLIST_FILE = YES;
				MARKETING_VERSION = 1.0;
				PRODUCT_BUNDLE_IDENTIFIER = "xlm.i-chingUITests";
				PRODUCT_NAME = "$(TARGET_NAME)";
				STRING_CATALOG_GENERATE_SYMBOLS = NO;
				SWIFT_APPROACHABLE_CONCURRENCY = YES;
				SWIFT_EMIT_LOC_STRINGS = NO;
				SWIFT_UPCOMING_FEATURE_MEMBER_IMPORT_VISIBILITY = YES;
				SWIFT_VERSION = 5.0;
				TARGETED_DEVICE_FAMILY = "1,2";
				TEST_TARGET_NAME = "i-ching";
			};
			name = Release;
		};
/* End XCBuildConfiguration section */

/* Begin XCConfigurationList section */
		8AE195E52EF5DA68006BBCF2 /* Build configuration list for PBXProject "i-ching" */ = {
			isa = XCConfigurationList;
			buildConfigurations = (
				8AE196092EF5DA69006BBCF2 /* Debug */,
				8AE1960A2EF5DA69006BBCF2 /* Release */,
			);
			defaultConfigurationIsVisible = 0;
			defaultConfigurationName = Release;
		};
		8AE1960B2EF5DA69006BBCF2 /* Build configuration list for PBXNativeTarget "i-ching" */ = {
			isa = XCConfigurationList;
			buildConfigurations = (
				8AE1960C2EF5DA69006BBCF2 /* Debug */,
				8AE1960D2EF5DA69006BBCF2 /* Release */,
			);
			defaultConfigurationIsVisible = 0;
			defaultConfigurationName = Release;
		};
		8AE1960E2EF5DA69006BBCF2 /* Build configuration list for PBXNativeTarget "i-chingTests" */ = {
			isa = XCConfigurationList;
			buildConfigurations = (
				8AE1960F2EF5DA69006BBCF2 /* Debug */,
				8AE196102EF5DA69006BBCF2 /* Release */,
			);
			defaultConfigurationIsVisible = 0;
			defaultConfigurationName = Release;
		};
		8AE196112EF5DA69006BBCF2 /* Build configuration list for PBXNativeTarget "i-chingUITests" */ = {
			isa = XCConfigurationList;
			buildConfigurations = (
				8AE196122EF5DA69006BBCF2 /* Debug */,
				8AE196132EF5DA69006BBCF2 /* Release */,
			);
			defaultConfigurationIsVisible = 0;
			defaultConfigurationName = Release;
		};
/* End XCConfigurationList section */
	};
	rootObject = 8AE195E22EF5DA68006BBCF2 /* Project object */;
}
